# This file is autogenerated, do not edit; changes may be undone by the next 'dep ensure'.


[[projects]]
  name = "github.com/go-chi/chi"
  packages = ["."]
  revision = "f7c66f685bcab06bcce78ac212c5f3553c063d19"
  version = "v3.3.0"

[solve-meta]
  analyzer-name = "dep"
  analyzer-version = 1
  inputs-digest = "4541c6f498518dbac2bae7084d6f06eedeec8b18e3f669464a4798be3dca4304"
  solver-name = "gps-cdcl"
  solver-version = 1
