# This file is autogenerated, do not edit; changes may be undone by the next 'dep ensure'.


[[projects]]
  name = "github.com/asaskevich/govalidator"
  packages = ["."]
  revision = "ccb8e960c48f04d6935e72476ae4a51028f9e22f"
  version = "v9"

[solve-meta]
  analyzer-name = "dep"
  analyzer-version = 1
  inputs-digest = "5428e9ca027c0e4a660b5952f506e45d6a02d46aecdd116ddcda5a99e2a7467d"
  solver-name = "gps-cdcl"
  solver-version = 1
